
Microsoft Visual Studio Solution File, Format Version 12.00
# Visual Studio 15
VisualStudioVersion = 15.0.28010.2036
MinimumVisualStudioVersion = 10.0.40219.1
Project("{FAE04EC0-301F-11D3-BF4B-00C04F79EFBC}") = "VectorEditorProject", "VectorEditorProject\VectorEditorProject.csproj", "{F1C5C57D-C773-42C2-8E18-52F0A1E67A9B}"
EndProject
Project("{FAE04EC0-301F-11D3-BF4B-00C04F79EFBC}") = "SDK", "SDK\SDK.csproj", "{4BAE6634-E69E-49D8-AFED-D9E05ABF72FC}"
EndProject
Project("{2150E333-8FDC-42A3-9474-1A3956D46DE8}") = "Figures", "Figures", "{DB91632E-AFA7-4EF3-9B8E-9A95EF03D05B}"
EndProject
Project("{FAE04EC0-301F-11D3-BF4B-00C04F79EFBC}") = "LineFigure", "LineFigure\LineFigure.csproj", "{B9CB792B-A98F-49A2-90B3-BE8D7C94AFE9}"
EndProject
Project("{FAE04EC0-301F-11D3-BF4B-00C04F79EFBC}") = "PolyLineFigure", "PolyLineFigure\PolyLineFigure.csproj", "{3D32F4E5-53C1-4505-BA62-D436D9680D7C}"
EndProject
Project("{FAE04EC0-301F-11D3-BF4B-00C04F79EFBC}") = "PolygonFigure", "PolygonFigure\PolygonFigure.csproj", "{772456D7-9995-46B0-9543-B07694C9DC7B}"
EndProject
Project("{FAE04EC0-301F-11D3-BF4B-00C04F79EFBC}") = "EllipseFigure", "EllipseFigure\EllipseFigure.csproj", "{A4DF0022-22F8-403B-B1E5-5DBC17BD8540}"
EndProject
Project("{FAE04EC0-301F-11D3-BF4B-00C04F79EFBC}") = "CircleFigure", "CircleFigure\CircleFigure.csproj", "{9326B3C3-AF96-4F13-B4AF-8FEDF920CFE4}"
EndProject
Global
	GlobalSection(SolutionConfigurationPlatforms) = preSolution
		Debug|Any CPU = Debug|Any CPU
		Release|Any CPU = Release|Any CPU
	EndGlobalSection
	GlobalSection(ProjectConfigurationPlatforms) = postSolution
		{F1C5C57D-C773-42C2-8E18-52F0A1E67A9B}.Debug|Any CPU.ActiveCfg = Debug|Any CPU
		{F1C5C57D-C773-42C2-8E18-52F0A1E67A9B}.Debug|Any CPU.Build.0 = Debug|Any CPU
		{F1C5C57D-C773-42C2-8E18-52F0A1E67A9B}.Release|Any CPU.ActiveCfg = Release|Any CPU
		{F1C5C57D-C773-42C2-8E18-52F0A1E67A9B}.Release|Any CPU.Build.0 = Release|Any CPU
		{4BAE6634-E69E-49D8-AFED-D9E05ABF72FC}.Debug|Any CPU.ActiveCfg = Debug|Any CPU
		{4BAE6634-E69E-49D8-AFED-D9E05ABF72FC}.Debug|Any CPU.Build.0 = Debug|Any CPU
		{4BAE6634-E69E-49D8-AFED-D9E05ABF72FC}.Release|Any CPU.ActiveCfg = Release|Any CPU
		{4BAE6634-E69E-49D8-AFED-D9E05ABF72FC}.Release|Any CPU.Build.0 = Release|Any CPU
		{B9CB792B-A98F-49A2-90B3-BE8D7C94AFE9}.Debug|Any CPU.ActiveCfg = Debug|Any CPU
		{B9CB792B-A98F-49A2-90B3-BE8D7C94AFE9}.Debug|Any CPU.Build.0 = Debug|Any CPU
		{B9CB792B-A98F-49A2-90B3-BE8D7C94AFE9}.Release|Any CPU.ActiveCfg = Release|Any CPU
		{B9CB792B-A98F-49A2-90B3-BE8D7C94AFE9}.Release|Any CPU.Build.0 = Release|Any CPU
		{3D32F4E5-53C1-4505-BA62-D436D9680D7C}.Debug|Any CPU.ActiveCfg = Debug|Any CPU
		{3D32F4E5-53C1-4505-BA62-D436D9680D7C}.Debug|Any CPU.Build.0 = Debug|Any CPU
		{3D32F4E5-53C1-4505-BA62-D436D9680D7C}.Release|Any CPU.ActiveCfg = Release|Any CPU
		{3D32F4E5-53C1-4505-BA62-D436D9680D7C}.Release|Any CPU.Build.0 = Release|Any CPU
		{772456D7-9995-46B0-9543-B07694C9DC7B}.Debug|Any CPU.ActiveCfg = Debug|Any CPU
		{772456D7-9995-46B0-9543-B07694C9DC7B}.Debug|Any CPU.Build.0 = Debug|Any CPU
		{772456D7-9995-46B0-9543-B07694C9DC7B}.Release|Any CPU.ActiveCfg = Release|Any CPU
		{772456D7-9995-46B0-9543-B07694C9DC7B}.Release|Any CPU.Build.0 = Release|Any CPU
		{A4DF0022-22F8-403B-B1E5-5DBC17BD8540}.Debug|Any CPU.ActiveCfg = Debug|Any CPU
		{A4DF0022-22F8-403B-B1E5-5DBC17BD8540}.Debug|Any CPU.Build.0 = Debug|Any CPU
		{A4DF0022-22F8-403B-B1E5-5DBC17BD8540}.Release|Any CPU.ActiveCfg = Release|Any CPU
		{A4DF0022-22F8-403B-B1E5-5DBC17BD8540}.Release|Any CPU.Build.0 = Release|Any CPU
		{9326B3C3-AF96-4F13-B4AF-8FEDF920CFE4}.Debug|Any CPU.ActiveCfg = Debug|Any CPU
		{9326B3C3-AF96-4F13-B4AF-8FEDF920CFE4}.Debug|Any CPU.Build.0 = Debug|Any CPU
		{9326B3C3-AF96-4F13-B4AF-8FEDF920CFE4}.Release|Any CPU.ActiveCfg = Release|Any CPU
		{9326B3C3-AF96-4F13-B4AF-8FEDF920CFE4}.Release|Any CPU.Build.0 = Release|Any CPU
	EndGlobalSection
	GlobalSection(SolutionProperties) = preSolution
		HideSolutionNode = FALSE
	EndGlobalSection
	GlobalSection(NestedProjects) = preSolution
		{B9CB792B-A98F-49A2-90B3-BE8D7C94AFE9} = {DB91632E-AFA7-4EF3-9B8E-9A95EF03D05B}
		{3D32F4E5-53C1-4505-BA62-D436D9680D7C} = {DB91632E-AFA7-4EF3-9B8E-9A95EF03D05B}
		{772456D7-9995-46B0-9543-B07694C9DC7B} = {DB91632E-AFA7-4EF3-9B8E-9A95EF03D05B}
		{A4DF0022-22F8-403B-B1E5-5DBC17BD8540} = {DB91632E-AFA7-4EF3-9B8E-9A95EF03D05B}
		{9326B3C3-AF96-4F13-B4AF-8FEDF920CFE4} = {DB91632E-AFA7-4EF3-9B8E-9A95EF03D05B}
	EndGlobalSection
	GlobalSection(ExtensibilityGlobals) = postSolution
		SolutionGuid = {1F8F9C01-1CB9-4DF8-8DA6-A2E25D643940}
	EndGlobalSection
EndGlobal
